
Microsoft Visual Studio Solution File, Format Version 12.00
# Visual Studio Version 17
VisualStudioVersion = 17.5.002.0
MinimumVisualStudioVersion = 10.0.40219.1
Project("{9A19103F-16F7-4668-BE54-9A1E7A4F7556}") = "experiments", "experiments\experiments.csproj", "{06E4C8B6-DC1E-4B40-AA63-FC636E67A538}"
EndProject
Project("{2150E333-8FDC-42A3-9474-1A3956D46DE8}") = "csharp-prep", "csharp-prep", "{E2A02200-78AC-4A54-AE5F-F970FF181EEA}"
EndProject
Project("{9A19103F-16F7-4668-BE54-9A1E7A4F7556}") = "Prep1", "csharp-prep\Prep1\Prep1.csproj", "{D4594DD8-9CF3-4C82-9F30-239FEDB1BE40}"
EndProject
Project("{9A19103F-16F7-4668-BE54-9A1E7A4F7556}") = "Prep2", "csharp-prep\Prep2\Prep2.csproj", "{5F1FF20C-E98A-4FB7-B321-7437AD3CD38D}"
EndProject
Project("{9A19103F-16F7-4668-BE54-9A1E7A4F7556}") = "Prep3", "csharp-prep\Prep3\Prep3.csproj", "{B730278F-0B0E-4A45-9814-E3541023DECB}"
EndProject
Project("{9A19103F-16F7-4668-BE54-9A1E7A4F7556}") = "Prep4", "csharp-prep\Prep4\Prep4.csproj", "{90A4EB9A-659A-4D3E-954C-F7698AF7EA5E}"
EndProject
Project("{9A19103F-16F7-4668-BE54-9A1E7A4F7556}") = "Prep5", "csharp-prep\Prep5\Prep5.csproj", "{1B70A327-FB29-4101-9E81-40006AAC65EB}"
EndProject
Project("{2150E333-8FDC-42A3-9474-1A3956D46DE8}") = "final", "final", "{2C11B5FA-1B8E-4ECE-BE84-AA1B6552FBA0}"
EndProject
Project("{9A19103F-16F7-4668-BE54-9A1E7A4F7556}") = "FinalProject", "final\FinalProject\FinalProject.csproj", "{3B4718D4-2747-48DC-BE42-CD95FD0B1931}"
EndProject
Project("{9A19103F-16F7-4668-BE54-9A1E7A4F7556}") = "Foundation1", "final\Foundation1\Foundation1.csproj", "{C4D92CA9-8AAE-4C3C-8FAA-27D27A31ABFF}"
EndProject
Project("{9A19103F-16F7-4668-BE54-9A1E7A4F7556}") = "Foundation2", "final\Foundation2\Foundation2.csproj", "{1D53B8BD-BFD5-49B3-A1C9-062A27FC303D}"
EndProject
Project("{9A19103F-16F7-4668-BE54-9A1E7A4F7556}") = "Foundation3", "final\Foundation3\Foundation3.csproj", "{101E45D5-FDC3-4BD8-B6FA-A54D93722E6D}"
EndProject
Project("{9A19103F-16F7-4668-BE54-9A1E7A4F7556}") = "Foundation4", "final\Foundation4\Foundation4.csproj", "{9ED3A7FF-3B05-4665-BED0-25AA2D3C483A}"
EndProject
Project("{2150E333-8FDC-42A3-9474-1A3956D46DE8}") = "prepare", "prepare", "{8C534352-FB1C-4BAF-86B2-258792DE5EE7}"
EndProject
Project("{9A19103F-16F7-4668-BE54-9A1E7A4F7556}") = "Learning02", "prepare\Learning02\Learning02.csproj", "{96BBB135-2013-48AB-A211-F915D869F172}"
EndProject
Project("{9A19103F-16F7-4668-BE54-9A1E7A4F7556}") = "Learning03", "prepare\Learning03\Learning03.csproj", "{A0B86F7F-DF3B-4CC9-9A9B-01E421722754}"
EndProject
Project("{9A19103F-16F7-4668-BE54-9A1E7A4F7556}") = "Learning04", "prepare\Learning04\Learning04.csproj", "{94ABE91E-80D2-4E6C-B2C4-2BA4A1649300}"
EndProject
Project("{9A19103F-16F7-4668-BE54-9A1E7A4F7556}") = "Learning05", "prepare\Learning05\Learning05.csproj", "{956DC6CB-70AB-4912-87A9-2EF2A8B60DC9}"
EndProject
Project("{2150E333-8FDC-42A3-9474-1A3956D46DE8}") = "prove", "prove", "{C05A9BC4-1202-44EB-87EC-BBB3817BDE0D}"
EndProject
Project("{9A19103F-16F7-4668-BE54-9A1E7A4F7556}") = "Develop02", "prove\Develop02\Develop02.csproj", "{D64B3B3E-08BC-4D08-84E1-844686DBA298}"
EndProject
Project("{9A19103F-16F7-4668-BE54-9A1E7A4F7556}") = "Develop03", "prove\Develop03\Develop03.csproj", "{509D8A03-7C0E-482D-B70A-9B03F6ED08CA}"
EndProject
Project("{9A19103F-16F7-4668-BE54-9A1E7A4F7556}") = "Develop04", "prove\Develop04\Develop04.csproj", "{BE108B12-1372-4C51-B3C7-CF0ADAAE79C0}"
EndProject
Project("{9A19103F-16F7-4668-BE54-9A1E7A4F7556}") = "Develop05", "prove\Develop05\Develop05.csproj", "{A94A8FEA-2970-4E11-87C8-165653D48177}"
EndProject
Project("{2150E333-8FDC-42A3-9474-1A3956D46DE8}") = "sandbox", "sandbox", "{F8DA78AE-B864-4417-9F0A-C66E8D42803C}"
EndProject
Project("{9A19103F-16F7-4668-BE54-9A1E7A4F7556}") = "Sandbox", "sandbox\Sandbox\Sandbox.csproj", "{84C9CA21-3E86-40E4-BCD5-2C6A5E4FF2B7}"
EndProject
Global
	GlobalSection(SolutionConfigurationPlatforms) = preSolution
		Debug|Any CPU = Debug|Any CPU
		Release|Any CPU = Release|Any CPU
	EndGlobalSection
	GlobalSection(ProjectConfigurationPlatforms) = postSolution
		{06E4C8B6-DC1E-4B40-AA63-FC636E67A538}.Debug|Any CPU.ActiveCfg = Debug|Any CPU
		{06E4C8B6-DC1E-4B40-AA63-FC636E67A538}.Debug|Any CPU.Build.0 = Debug|Any CPU
		{06E4C8B6-DC1E-4B40-AA63-FC636E67A538}.Release|Any CPU.ActiveCfg = Release|Any CPU
		{06E4C8B6-DC1E-4B40-AA63-FC636E67A538}.Release|Any CPU.Build.0 = Release|Any CPU
		{D4594DD8-9CF3-4C82-9F30-239FEDB1BE40}.Debug|Any CPU.ActiveCfg = Debug|Any CPU
		{D4594DD8-9CF3-4C82-9F30-239FEDB1BE40}.Debug|Any CPU.Build.0 = Debug|Any CPU
		{D4594DD8-9CF3-4C82-9F30-239FEDB1BE40}.Release|Any CPU.ActiveCfg = Release|Any CPU
		{D4594DD8-9CF3-4C82-9F30-239FEDB1BE40}.Release|Any CPU.Build.0 = Release|Any CPU
		{5F1FF20C-E98A-4FB7-B321-7437AD3CD38D}.Debug|Any CPU.ActiveCfg = Debug|Any CPU
		{5F1FF20C-E98A-4FB7-B321-7437AD3CD38D}.Debug|Any CPU.Build.0 = Debug|Any CPU
		{5F1FF20C-E98A-4FB7-B321-7437AD3CD38D}.Release|Any CPU.ActiveCfg = Release|Any CPU
		{5F1FF20C-E98A-4FB7-B321-7437AD3CD38D}.Release|Any CPU.Build.0 = Release|Any CPU
		{B730278F-0B0E-4A45-9814-E3541023DECB}.Debug|Any CPU.ActiveCfg = Debug|Any CPU
		{B730278F-0B0E-4A45-9814-E3541023DECB}.Debug|Any CPU.Build.0 = Debug|Any CPU
		{B730278F-0B0E-4A45-9814-E3541023DECB}.Release|Any CPU.ActiveCfg = Release|Any CPU
		{B730278F-0B0E-4A45-9814-E3541023DECB}.Release|Any CPU.Build.0 = Release|Any CPU
		{90A4EB9A-659A-4D3E-954C-F7698AF7EA5E}.Debug|Any CPU.ActiveCfg = Debug|Any CPU
		{90A4EB9A-659A-4D3E-954C-F7698AF7EA5E}.Debug|Any CPU.Build.0 = Debug|Any CPU
		{90A4EB9A-659A-4D3E-954C-F7698AF7EA5E}.Release|Any CPU.ActiveCfg = Release|Any CPU
		{90A4EB9A-659A-4D3E-954C-F7698AF7EA5E}.Release|Any CPU.Build.0 = Release|Any CPU
		{1B70A327-FB29-4101-9E81-40006AAC65EB}.Debug|Any CPU.ActiveCfg = Debug|Any CPU
		{1B70A327-FB29-4101-9E81-40006AAC65EB}.Debug|Any CPU.Build.0 = Debug|Any CPU
		{1B70A327-FB29-4101-9E81-40006AAC65EB}.Release|Any CPU.ActiveCfg = Release|Any CPU
		{1B70A327-FB29-4101-9E81-40006AAC65EB}.Release|Any CPU.Build.0 = Release|Any CPU
		{3B4718D4-2747-48DC-BE42-CD95FD0B1931}.Debug|Any CPU.ActiveCfg = Debug|Any CPU
		{3B4718D4-2747-48DC-BE42-CD95FD0B1931}.Debug|Any CPU.Build.0 = Debug|Any CPU
		{3B4718D4-2747-48DC-BE42-CD95FD0B1931}.Release|Any CPU.ActiveCfg = Release|Any CPU
		{3B4718D4-2747-48DC-BE42-CD95FD0B1931}.Release|Any CPU.Build.0 = Release|Any CPU
		{C4D92CA9-8AAE-4C3C-8FAA-27D27A31ABFF}.Debug|Any CPU.ActiveCfg = Debug|Any CPU
		{C4D92CA9-8AAE-4C3C-8FAA-27D27A31ABFF}.Debug|Any CPU.Build.0 = Debug|Any CPU
		{C4D92CA9-8AAE-4C3C-8FAA-27D27A31ABFF}.Release|Any CPU.ActiveCfg = Release|Any CPU
		{C4D92CA9-8AAE-4C3C-8FAA-27D27A31ABFF}.Release|Any CPU.Build.0 = Release|Any CPU
		{1D53B8BD-BFD5-49B3-A1C9-062A27FC303D}.Debug|Any CPU.ActiveCfg = Debug|Any CPU
		{1D53B8BD-BFD5-49B3-A1C9-062A27FC303D}.Debug|Any CPU.Build.0 = Debug|Any CPU
		{1D53B8BD-BFD5-49B3-A1C9-062A27FC303D}.Release|Any CPU.ActiveCfg = Release|Any CPU
		{1D53B8BD-BFD5-49B3-A1C9-062A27FC303D}.Release|Any CPU.Build.0 = Release|Any CPU
		{101E45D5-FDC3-4BD8-B6FA-A54D93722E6D}.Debug|Any CPU.ActiveCfg = Debug|Any CPU
		{101E45D5-FDC3-4BD8-B6FA-A54D93722E6D}.Debug|Any CPU.Build.0 = Debug|Any CPU
		{101E45D5-FDC3-4BD8-B6FA-A54D93722E6D}.Release|Any CPU.ActiveCfg = Release|Any CPU
		{101E45D5-FDC3-4BD8-B6FA-A54D93722E6D}.Release|Any CPU.Build.0 = Release|Any CPU
		{9ED3A7FF-3B05-4665-BED0-25AA2D3C483A}.Debug|Any CPU.ActiveCfg = Debug|Any CPU
		{9ED3A7FF-3B05-4665-BED0-25AA2D3C483A}.Debug|Any CPU.Build.0 = Debug|Any CPU
		{9ED3A7FF-3B05-4665-BED0-25AA2D3C483A}.Release|Any CPU.ActiveCfg = Release|Any CPU
		{9ED3A7FF-3B05-4665-BED0-25AA2D3C483A}.Release|Any CPU.Build.0 = Release|Any CPU
		{96BBB135-2013-48AB-A211-F915D869F172}.Debug|Any CPU.ActiveCfg = Debug|Any CPU
		{96BBB135-2013-48AB-A211-F915D869F172}.Debug|Any CPU.Build.0 = Debug|Any CPU
		{96BBB135-2013-48AB-A211-F915D869F172}.Release|Any CPU.ActiveCfg = Release|Any CPU
		{96BBB135-2013-48AB-A211-F915D869F172}.Release|Any CPU.Build.0 = Release|Any CPU
		{A0B86F7F-DF3B-4CC9-9A9B-01E421722754}.Debug|Any CPU.ActiveCfg = Debug|Any CPU
		{A0B86F7F-DF3B-4CC9-9A9B-01E421722754}.Debug|Any CPU.Build.0 = Debug|Any CPU
		{A0B86F7F-DF3B-4CC9-9A9B-01E421722754}.Release|Any CPU.ActiveCfg = Release|Any CPU
		{A0B86F7F-DF3B-4CC9-9A9B-01E421722754}.Release|Any CPU.Build.0 = Release|Any CPU
		{94ABE91E-80D2-4E6C-B2C4-2BA4A1649300}.Debug|Any CPU.ActiveCfg = Debug|Any CPU
		{94ABE91E-80D2-4E6C-B2C4-2BA4A1649300}.Debug|Any CPU.Build.0 = Debug|Any CPU
		{94ABE91E-80D2-4E6C-B2C4-2BA4A1649300}.Release|Any CPU.ActiveCfg = Release|Any CPU
		{94ABE91E-80D2-4E6C-B2C4-2BA4A1649300}.Release|Any CPU.Build.0 = Release|Any CPU
		{956DC6CB-70AB-4912-87A9-2EF2A8B60DC9}.Debug|Any CPU.ActiveCfg = Debug|Any CPU
		{956DC6CB-70AB-4912-87A9-2EF2A8B60DC9}.Debug|Any CPU.Build.0 = Debug|Any CPU
		{956DC6CB-70AB-4912-87A9-2EF2A8B60DC9}.Release|Any CPU.ActiveCfg = Release|Any CPU
		{956DC6CB-70AB-4912-87A9-2EF2A8B60DC9}.Release|Any CPU.Build.0 = Release|Any CPU
		{D64B3B3E-08BC-4D08-84E1-844686DBA298}.Debug|Any CPU.ActiveCfg = Debug|Any CPU
		{D64B3B3E-08BC-4D08-84E1-844686DBA298}.Debug|Any CPU.Build.0 = Debug|Any CPU
		{D64B3B3E-08BC-4D08-84E1-844686DBA298}.Release|Any CPU.ActiveCfg = Release|Any CPU
		{D64B3B3E-08BC-4D08-84E1-844686DBA298}.Release|Any CPU.Build.0 = Release|Any CPU
		{509D8A03-7C0E-482D-B70A-9B03F6ED08CA}.Debug|Any CPU.ActiveCfg = Debug|Any CPU
		{509D8A03-7C0E-482D-B70A-9B03F6ED08CA}.Debug|Any CPU.Build.0 = Debug|Any CPU
		{509D8A03-7C0E-482D-B70A-9B03F6ED08CA}.Release|Any CPU.ActiveCfg = Release|Any CPU
		{509D8A03-7C0E-482D-B70A-9B03F6ED08CA}.Release|Any CPU.Build.0 = Release|Any CPU
		{BE108B12-1372-4C51-B3C7-CF0ADAAE79C0}.Debug|Any CPU.ActiveCfg = Debug|Any CPU
		{BE108B12-1372-4C51-B3C7-CF0ADAAE79C0}.Debug|Any CPU.Build.0 = Debug|Any CPU
		{BE108B12-1372-4C51-B3C7-CF0ADAAE79C0}.Release|Any CPU.ActiveCfg = Release|Any CPU
		{BE108B12-1372-4C51-B3C7-CF0ADAAE79C0}.Release|Any CPU.Build.0 = Release|Any CPU
		{A94A8FEA-2970-4E11-87C8-165653D48177}.Debug|Any CPU.ActiveCfg = Debug|Any CPU
		{A94A8FEA-2970-4E11-87C8-165653D48177}.Debug|Any CPU.Build.0 = Debug|Any CPU
		{A94A8FEA-2970-4E11-87C8-165653D48177}.Release|Any CPU.ActiveCfg = Release|Any CPU
		{A94A8FEA-2970-4E11-87C8-165653D48177}.Release|Any CPU.Build.0 = Release|Any CPU
		{84C9CA21-3E86-40E4-BCD5-2C6A5E4FF2B7}.Debug|Any CPU.ActiveCfg = Debug|Any CPU
		{84C9CA21-3E86-40E4-BCD5-2C6A5E4FF2B7}.Debug|Any CPU.Build.0 = Debug|Any CPU
		{84C9CA21-3E86-40E4-BCD5-2C6A5E4FF2B7}.Release|Any CPU.ActiveCfg = Release|Any CPU
		{84C9CA21-3E86-40E4-BCD5-2C6A5E4FF2B7}.Release|Any CPU.Build.0 = Release|Any CPU
	EndGlobalSection
	GlobalSection(SolutionProperties) = preSolution
		HideSolutionNode = FALSE
	EndGlobalSection
	GlobalSection(NestedProjects) = preSolution
		{D4594DD8-9CF3-4C82-9F30-239FEDB1BE40} = {E2A02200-78AC-4A54-AE5F-F970FF181EEA}
		{5F1FF20C-E98A-4FB7-B321-7437AD3CD38D} = {E2A02200-78AC-4A54-AE5F-F970FF181EEA}
		{B730278F-0B0E-4A45-9814-E3541023DECB} = {E2A02200-78AC-4A54-AE5F-F970FF181EEA}
		{90A4EB9A-659A-4D3E-954C-F7698AF7EA5E} = {E2A02200-78AC-4A54-AE5F-F970FF181EEA}
		{1B70A327-FB29-4101-9E81-40006AAC65EB} = {E2A02200-78AC-4A54-AE5F-F970FF181EEA}
		{3B4718D4-2747-48DC-BE42-CD95FD0B1931} = {2C11B5FA-1B8E-4ECE-BE84-AA1B6552FBA0}
		{C4D92CA9-8AAE-4C3C-8FAA-27D27A31ABFF} = {2C11B5FA-1B8E-4ECE-BE84-AA1B6552FBA0}
		{1D53B8BD-BFD5-49B3-A1C9-062A27FC303D} = {2C11B5FA-1B8E-4ECE-BE84-AA1B6552FBA0}
		{101E45D5-FDC3-4BD8-B6FA-A54D93722E6D} = {2C11B5FA-1B8E-4ECE-BE84-AA1B6552FBA0}
		{9ED3A7FF-3B05-4665-BED0-25AA2D3C483A} = {2C11B5FA-1B8E-4ECE-BE84-AA1B6552FBA0}
		{96BBB135-2013-48AB-A211-F915D869F172} = {8C534352-FB1C-4BAF-86B2-258792DE5EE7}
		{A0B86F7F-DF3B-4CC9-9A9B-01E421722754} = {8C534352-FB1C-4BAF-86B2-258792DE5EE7}
		{94ABE91E-80D2-4E6C-B2C4-2BA4A1649300} = {8C534352-FB1C-4BAF-86B2-258792DE5EE7}
		{956DC6CB-70AB-4912-87A9-2EF2A8B60DC9} = {8C534352-FB1C-4BAF-86B2-258792DE5EE7}
		{D64B3B3E-08BC-4D08-84E1-844686DBA298} = {C05A9BC4-1202-44EB-87EC-BBB3817BDE0D}
		{509D8A03-7C0E-482D-B70A-9B03F6ED08CA} = {C05A9BC4-1202-44EB-87EC-BBB3817BDE0D}
		{BE108B12-1372-4C51-B3C7-CF0ADAAE79C0} = {C05A9BC4-1202-44EB-87EC-BBB3817BDE0D}
		{A94A8FEA-2970-4E11-87C8-165653D48177} = {C05A9BC4-1202-44EB-87EC-BBB3817BDE0D}
		{84C9CA21-3E86-40E4-BCD5-2C6A5E4FF2B7} = {F8DA78AE-B864-4417-9F0A-C66E8D42803C}
	EndGlobalSection
	GlobalSection(ExtensibilityGlobals) = postSolution
		SolutionGuid = {CEC61670-D1AF-4583-B1B4-95F12D075805}
	EndGlobalSection
EndGlobal
